
Microsoft Visual Studio Solution File, Format Version 12.00
# Visual Studio Version 16
VisualStudioVersion = 16.0.30002.166
MinimumVisualStudioVersion = 10.0.40219.1
Project("{FAE04EC0-301F-11D3-BF4B-00C04F79EFBC}") = "String Calculator Practice", "String Calculator\String Calculator.csproj", "{EF69F970-ACBB-4BCB-BEB4-FD5BCEFDA306}"
EndProject
Project("{FAE04EC0-301F-11D3-BF4B-00C04F79EFBC}") = "StringCalculatorTests", "StringCalculatorTests\StringCalculatorTests.csproj", "{EEAB24E1-A514-4A25-9111-79341EC7CB3B}"
EndProject
Global
	GlobalSection(SolutionConfigurationPlatforms) = preSolution
		Debug|Any CPU = Debug|Any CPU
		Release|Any CPU = Release|Any CPU
	EndGlobalSection
	GlobalSection(ProjectConfigurationPlatforms) = postSolution
		{EF69F970-ACBB-4BCB-BEB4-FD5BCEFDA306}.Debug|Any CPU.ActiveCfg = Debug|Any CPU
		{EF69F970-ACBB-4BCB-BEB4-FD5BCEFDA306}.Debug|Any CPU.Build.0 = Debug|Any CPU
		{EF69F970-ACBB-4BCB-BEB4-FD5BCEFDA306}.Release|Any CPU.ActiveCfg = Release|Any CPU
		{EF69F970-ACBB-4BCB-BEB4-FD5BCEFDA306}.Release|Any CPU.Build.0 = Release|Any CPU
		{EEAB24E1-A514-4A25-9111-79341EC7CB3B}.Debug|Any CPU.ActiveCfg = Debug|Any CPU
		{EEAB24E1-A514-4A25-9111-79341EC7CB3B}.Debug|Any CPU.Build.0 = Debug|Any CPU
		{EEAB24E1-A514-4A25-9111-79341EC7CB3B}.Release|Any CPU.ActiveCfg = Release|Any CPU
		{EEAB24E1-A514-4A25-9111-79341EC7CB3B}.Release|Any CPU.Build.0 = Release|Any CPU
	EndGlobalSection
	GlobalSection(SolutionProperties) = preSolution
		HideSolutionNode = FALSE
	EndGlobalSection
	GlobalSection(ExtensibilityGlobals) = postSolution
		SolutionGuid = {C3A23B3C-D5D7-4667-80A5-4EA598539FF6}
	EndGlobalSection
EndGlobal
